
Microsoft Visual Studio Solution File, Format Version 12.00
# Visual Studio 2012
Project("{FAE04EC0-301F-11D3-BF4B-00C04F79EFBC}") = "BeerSearcher.AndroidCore", "BeerSearcher.AndroidCore\BeerSearcher.AndroidCore.csproj", "{0416883E-0541-4836-B1B8-AFC73D6873C1}"
EndProject
Project("{FAE04EC0-301F-11D3-BF4B-00C04F79EFBC}") = "BeerSearcherApp", "BeerSearcherApp\BeerSearcherApp.csproj", "{028BA4C2-553E-46E7-AB3C-B610236772C9}"
EndProject
Global
	GlobalSection(SolutionConfigurationPlatforms) = preSolution
		Debug|Any CPU = Debug|Any CPU
		Release|Any CPU = Release|Any CPU
	EndGlobalSection
	GlobalSection(ProjectConfigurationPlatforms) = postSolution
		{0416883E-0541-4836-B1B8-AFC73D6873C1}.Debug|Any CPU.ActiveCfg = Debug|Any CPU
		{0416883E-0541-4836-B1B8-AFC73D6873C1}.Debug|Any CPU.Build.0 = Debug|Any CPU
		{0416883E-0541-4836-B1B8-AFC73D6873C1}.Release|Any CPU.ActiveCfg = Release|Any CPU
		{0416883E-0541-4836-B1B8-AFC73D6873C1}.Release|Any CPU.Build.0 = Release|Any CPU
		{028BA4C2-553E-46E7-AB3C-B610236772C9}.Debug|Any CPU.ActiveCfg = Debug|Any CPU
		{028BA4C2-553E-46E7-AB3C-B610236772C9}.Debug|Any CPU.Build.0 = Debug|Any CPU
		{028BA4C2-553E-46E7-AB3C-B610236772C9}.Debug|Any CPU.Deploy.0 = Debug|Any CPU
		{028BA4C2-553E-46E7-AB3C-B610236772C9}.Release|Any CPU.ActiveCfg = Release|Any CPU
		{028BA4C2-553E-46E7-AB3C-B610236772C9}.Release|Any CPU.Build.0 = Release|Any CPU
		{028BA4C2-553E-46E7-AB3C-B610236772C9}.Release|Any CPU.Deploy.0 = Release|Any CPU
	EndGlobalSection
	GlobalSection(SolutionProperties) = preSolution
		HideSolutionNode = FALSE
	EndGlobalSection
EndGlobal
